
Microsoft Visual Studio Solution File, Format Version 12.00
# Visual Studio Version 17
VisualStudioVersion = 17.12.35707.178 d17.12
MinimumVisualStudioVersion = 10.0.40219.1
Project("{FAE04EC0-301F-11D3-BF4B-00C04F79EFBC}") = "Student Grading System", "Student Grading System\Student Grading System.csproj", "{059F7AE6-D6B9-4776-B83B-64E3CD0BA543}"
EndProject
Global
	GlobalSection(SolutionConfigurationPlatforms) = preSolution
		Debug|Any CPU = Debug|Any CPU
		Release|Any CPU = Release|Any CPU
	EndGlobalSection
	GlobalSection(ProjectConfigurationPlatforms) = postSolution
		{059F7AE6-D6B9-4776-B83B-64E3CD0BA543}.Debug|Any CPU.ActiveCfg = Debug|Any CPU
		{059F7AE6-D6B9-4776-B83B-64E3CD0BA543}.Debug|Any CPU.Build.0 = Debug|Any CPU
		{059F7AE6-D6B9-4776-B83B-64E3CD0BA543}.Release|Any CPU.ActiveCfg = Release|Any CPU
		{059F7AE6-D6B9-4776-B83B-64E3CD0BA543}.Release|Any CPU.Build.0 = Release|Any CPU
	EndGlobalSection
	GlobalSection(SolutionProperties) = preSolution
		HideSolutionNode = FALSE
	EndGlobalSection
EndGlobal
